
Microsoft Visual Studio Solution File, Format Version 12.00
# Visual Studio Version 17
VisualStudioVersion = 17.8.34322.80
MinimumVisualStudioVersion = 10.0.40219.1
Project("{FAE04EC0-301F-11D3-BF4B-00C04F79EFBC}") = "Store.Domain", "Store.Domain\Store.Domain.csproj", "{8E12A7CE-A5DC-448D-B311-5711AFEA4793}"
EndProject
Project("{FAE04EC0-301F-11D3-BF4B-00C04F79EFBC}") = "Store.API", "Store.API\Store.API.csproj", "{3318EB3B-1BE0-4D97-A520-8EFD3DA4F661}"
EndProject
Project("{FAE04EC0-301F-11D3-BF4B-00C04F79EFBC}") = "Store.Infra", "Store.Infra\Store.Infra.csproj", "{B7CE395F-7122-4D70-B092-9CBB610357B5}"
EndProject
Project("{FAE04EC0-301F-11D3-BF4B-00C04F79EFBC}") = "Store.Tests", "Store.Tests\Store.Tests.csproj", "{65AE9C95-6511-4E82-9E0D-6A87C451322E}"
EndProject
Global
	GlobalSection(SolutionConfigurationPlatforms) = preSolution
		Debug|Any CPU = Debug|Any CPU
		Release|Any CPU = Release|Any CPU
	EndGlobalSection
	GlobalSection(ProjectConfigurationPlatforms) = postSolution
		{8E12A7CE-A5DC-448D-B311-5711AFEA4793}.Debug|Any CPU.ActiveCfg = Debug|Any CPU
		{8E12A7CE-A5DC-448D-B311-5711AFEA4793}.Debug|Any CPU.Build.0 = Debug|Any CPU
		{8E12A7CE-A5DC-448D-B311-5711AFEA4793}.Release|Any CPU.ActiveCfg = Release|Any CPU
		{8E12A7CE-A5DC-448D-B311-5711AFEA4793}.Release|Any CPU.Build.0 = Release|Any CPU
		{3318EB3B-1BE0-4D97-A520-8EFD3DA4F661}.Debug|Any CPU.ActiveCfg = Debug|Any CPU
		{3318EB3B-1BE0-4D97-A520-8EFD3DA4F661}.Debug|Any CPU.Build.0 = Debug|Any CPU
		{3318EB3B-1BE0-4D97-A520-8EFD3DA4F661}.Release|Any CPU.ActiveCfg = Release|Any CPU
		{3318EB3B-1BE0-4D97-A520-8EFD3DA4F661}.Release|Any CPU.Build.0 = Release|Any CPU
		{B7CE395F-7122-4D70-B092-9CBB610357B5}.Debug|Any CPU.ActiveCfg = Debug|Any CPU
		{B7CE395F-7122-4D70-B092-9CBB610357B5}.Debug|Any CPU.Build.0 = Debug|Any CPU
		{B7CE395F-7122-4D70-B092-9CBB610357B5}.Release|Any CPU.ActiveCfg = Release|Any CPU
		{B7CE395F-7122-4D70-B092-9CBB610357B5}.Release|Any CPU.Build.0 = Release|Any CPU
		{65AE9C95-6511-4E82-9E0D-6A87C451322E}.Debug|Any CPU.ActiveCfg = Debug|Any CPU
		{65AE9C95-6511-4E82-9E0D-6A87C451322E}.Debug|Any CPU.Build.0 = Debug|Any CPU
		{65AE9C95-6511-4E82-9E0D-6A87C451322E}.Release|Any CPU.ActiveCfg = Release|Any CPU
		{65AE9C95-6511-4E82-9E0D-6A87C451322E}.Release|Any CPU.Build.0 = Release|Any CPU
	EndGlobalSection
	GlobalSection(SolutionProperties) = preSolution
		HideSolutionNode = FALSE
	EndGlobalSection
	GlobalSection(ExtensibilityGlobals) = postSolution
		SolutionGuid = {A21FA7AE-EBAF-4BBA-A900-EBE146C06AA6}
	EndGlobalSection
EndGlobal
